// !$*UTF8*$!
{
	archiveVersion = 1;
	classes = {
	};
	objectVersion = 77;
	objects = {

/* Begin PBXBuildFile section */
		CD064B772D1C4A2300254EC7 /* RxCocoa in Frameworks */ = {isa = PBXBuildFile; productRef = CD064B762D1C4A2300254EC7 /* RxCocoa */; };
		CDC6749F2D1A9CB600F429DA /* SnapKit in Frameworks */ = {isa = PBXBuildFile; productRef = CDC6749E2D1A9CB600F429DA /* SnapKit */; };
		CDC674A22D1A9CC500F429DA /* ReactorKit in Frameworks */ = {isa = PBXBuildFile; productRef = CDC674A12D1A9CC500F429DA /* ReactorKit */; };
		CDC674A52D1A9CD600F429DA /* Kingfisher in Frameworks */ = {isa = PBXBuildFile; productRef = CDC674A42D1A9CD600F429DA /* Kingfisher */; };
		CDC674A82D1A9CE900F429DA /* Alamofire in Frameworks */ = {isa = PBXBuildFile; productRef = CDC674A72D1A9CE900F429DA /* Alamofire */; };
		CDC674B02D1A9EC500F429DA /* FSCalendar in Frameworks */ = {isa = PBXBuildFile; productRef = CDC674AF2D1A9EC500F429DA /* FSCalendar */; };
/* End PBXBuildFile section */

/* Begin PBXContainerItemProxy section */
		CD4734B42D19AE9200292086 /* PBXContainerItemProxy */ = {
			isa = PBXContainerItemProxy;
			containerPortal = CD4734922D19AE9000292086 /* Project object */;
			proxyType = 1;
			remoteGlobalIDString = CD4734992D19AE9000292086;
			remoteInfo = RefactorTodo;
		};
		CD4734BE2D19AE9200292086 /* PBXContainerItemProxy */ = {
			isa = PBXContainerItemProxy;
			containerPortal = CD4734922D19AE9000292086 /* Project object */;
			proxyType = 1;
			remoteGlobalIDString = CD4734992D19AE9000292086;
			remoteInfo = RefactorTodo;
		};
/* End PBXContainerItemProxy section */

/* Begin PBXFileReference section */
		CD47349A2D19AE9000292086 /* RefactorTodo.app */ = {isa = PBXFileReference; explicitFileType = wrapper.application; includeInIndex = 0; path = RefactorTodo.app; sourceTree = BUILT_PRODUCTS_DIR; };
		CD4734B32D19AE9200292086 /* RefactorTodoTests.xctest */ = {isa = PBXFileReference; explicitFileType = wrapper.cfbundle; includeInIndex = 0; path = RefactorTodoTests.xctest; sourceTree = BUILT_PRODUCTS_DIR; };
		CD4734BD2D19AE9200292086 /* RefactorTodoUITests.xctest */ = {isa = PBXFileReference; explicitFileType = wrapper.cfbundle; includeInIndex = 0; path = RefactorTodoUITests.xctest; sourceTree = BUILT_PRODUCTS_DIR; };
/* End PBXFileReference section */

/* Begin PBXFileSystemSynchronizedBuildFileExceptionSet section */
		CD4734C52D19AE9200292086 /* Exceptions for "RefactorTodo" folder in "RefactorTodo" target */ = {
			isa = PBXFileSystemSynchronizedBuildFileExceptionSet;
			membershipExceptions = (
				Info.plist,
			);
			target = CD4734992D19AE9000292086 /* RefactorTodo */;
		};
/* End PBXFileSystemSynchronizedBuildFileExceptionSet section */

/* Begin PBXFileSystemSynchronizedRootGroup section */
		CD47349C2D19AE9000292086 /* RefactorTodo */ = {
			isa = PBXFileSystemSynchronizedRootGroup;
			exceptions = (
				CD4734C52D19AE9200292086 /* Exceptions for "RefactorTodo" folder in "RefactorTodo" target */,
			);
			path = RefactorTodo;
			sourceTree = "<group>";
		};
		CD4734B62D19AE9200292086 /* RefactorTodoTests */ = {
			isa = PBXFileSystemSynchronizedRootGroup;
			path = RefactorTodoTests;
			sourceTree = "<group>";
		};
		CD4734C02D19AE9200292086 /* RefactorTodoUITests */ = {
			isa = PBXFileSystemSynchronizedRootGroup;
			path = RefactorTodoUITests;
			sourceTree = "<group>";
		};
/* End PBXFileSystemSynchronizedRootGroup section */

/* Begin PBXFrameworksBuildPhase section */
		CD4734972D19AE9000292086 /* Frameworks */ = {
			isa = PBXFrameworksBuildPhase;
			buildActionMask = 2147483647;
			files = (
				CD064B772D1C4A2300254EC7 /* RxCocoa in Frameworks */,
				CDC674A52D1A9CD600F429DA /* Kingfisher in Frameworks */,
				CDC674A82D1A9CE900F429DA /* Alamofire in Frameworks */,
				CDC674A22D1A9CC500F429DA /* ReactorKit in Frameworks */,
				CDC674B02D1A9EC500F429DA /* FSCalendar in Frameworks */,
				CDC6749F2D1A9CB600F429DA /* SnapKit in Frameworks */,
			);
			runOnlyForDeploymentPostprocessing = 0;
		};
		CD4734B02D19AE9200292086 /* Frameworks */ = {
			isa = PBXFrameworksBuildPhase;
			buildActionMask = 2147483647;
			files = (
			);
			runOnlyForDeploymentPostprocessing = 0;
		};
		CD4734BA2D19AE9200292086 /* Frameworks */ = {
			isa = PBXFrameworksBuildPhase;
			buildActionMask = 2147483647;
			files = (
			);
			runOnlyForDeploymentPostprocessing = 0;
		};
/* End PBXFrameworksBuildPhase section */

/* Begin PBXGroup section */
		CD4734912D19AE9000292086 = {
			isa = PBXGroup;
			children = (
				CD47349C2D19AE9000292086 /* RefactorTodo */,
				CD4734B62D19AE9200292086 /* RefactorTodoTests */,
				CD4734C02D19AE9200292086 /* RefactorTodoUITests */,
				CD47349B2D19AE9000292086 /* Products */,
			);
			sourceTree = "<group>";
		};
		CD47349B2D19AE9000292086 /* Products */ = {
			isa = PBXGroup;
			children = (
				CD47349A2D19AE9000292086 /* RefactorTodo.app */,
				CD4734B32D19AE9200292086 /* RefactorTodoTests.xctest */,
				CD4734BD2D19AE9200292086 /* RefactorTodoUITests.xctest */,
			);
			name = Products;
			sourceTree = "<group>";
		};
/* End PBXGroup section */

/* Begin PBXNativeTarget section */
		CD4734992D19AE9000292086 /* RefactorTodo */ = {
			isa = PBXNativeTarget;
			buildConfigurationList = CD4734C62D19AE9200292086 /* Build configuration list for PBXNativeTarget "RefactorTodo" */;
			buildPhases = (
				CD4734962D19AE9000292086 /* Sources */,
				CD4734972D19AE9000292086 /* Frameworks */,
				CD4734982D19AE9000292086 /* Resources */,
			);
			buildRules = (
			);
			dependencies = (
			);
			fileSystemSynchronizedGroups = (
				CD47349C2D19AE9000292086 /* RefactorTodo */,
			);
			name = RefactorTodo;
			packageProductDependencies = (
				CDC6749E2D1A9CB600F429DA /* SnapKit */,
				CDC674A12D1A9CC500F429DA /* ReactorKit */,
				CDC674A42D1A9CD600F429DA /* Kingfisher */,
				CDC674A72D1A9CE900F429DA /* Alamofire */,
				CDC674AF2D1A9EC500F429DA /* FSCalendar */,
				CD064B762D1C4A2300254EC7 /* RxCocoa */,
			);
			productName = RefactorTodo;
			productReference = CD47349A2D19AE9000292086 /* RefactorTodo.app */;
			productType = "com.apple.product-type.application";
		};
		CD4734B22D19AE9200292086 /* RefactorTodoTests */ = {
			isa = PBXNativeTarget;
			buildConfigurationList = CD4734CB2D19AE9200292086 /* Build configuration list for PBXNativeTarget "RefactorTodoTests" */;
			buildPhases = (
				CD4734AF2D19AE9200292086 /* Sources */,
				CD4734B02D19AE9200292086 /* Frameworks */,
				CD4734B12D19AE9200292086 /* Resources */,
			);
			buildRules = (
			);
			dependencies = (
				CD4734B52D19AE9200292086 /* PBXTargetDependency */,
			);
			fileSystemSynchronizedGroups = (
				CD4734B62D19AE9200292086 /* RefactorTodoTests */,
			);
			name = RefactorTodoTests;
			packageProductDependencies = (
			);
			productName = RefactorTodoTests;
			productReference = CD4734B32D19AE9200292086 /* RefactorTodoTests.xctest */;
			productType = "com.apple.product-type.bundle.unit-test";
		};
		CD4734BC2D19AE9200292086 /* RefactorTodoUITests */ = {
			isa = PBXNativeTarget;
			buildConfigurationList = CD4734CE2D19AE9200292086 /* Build configuration list for PBXNativeTarget "RefactorTodoUITests" */;
			buildPhases = (
				CD4734B92D19AE9200292086 /* Sources */,
				CD4734BA2D19AE9200292086 /* Frameworks */,
				CD4734BB2D19AE9200292086 /* Resources */,
			);
			buildRules = (
			);
			dependencies = (
				CD4734BF2D19AE9200292086 /* PBXTargetDependency */,
			);
			fileSystemSynchronizedGroups = (
				CD4734C02D19AE9200292086 /* RefactorTodoUITests */,
			);
			name = RefactorTodoUITests;
			packageProductDependencies = (
			);
			productName = RefactorTodoUITests;
			productReference = CD4734BD2D19AE9200292086 /* RefactorTodoUITests.xctest */;
			productType = "com.apple.product-type.bundle.ui-testing";
		};
/* End PBXNativeTarget section */

/* Begin PBXProject section */
		CD4734922D19AE9000292086 /* Project object */ = {
			isa = PBXProject;
			attributes = {
				BuildIndependentTargetsInParallel = 1;
				LastSwiftUpdateCheck = 1620;
				LastUpgradeCheck = 1620;
				TargetAttributes = {
					CD4734992D19AE9000292086 = {
						CreatedOnToolsVersion = 16.2;
					};
					CD4734B22D19AE9200292086 = {
						CreatedOnToolsVersion = 16.2;
						TestTargetID = CD4734992D19AE9000292086;
					};
					CD4734BC2D19AE9200292086 = {
						CreatedOnToolsVersion = 16.2;
						TestTargetID = CD4734992D19AE9000292086;
					};
				};
			};
			buildConfigurationList = CD4734952D19AE9000292086 /* Build configuration list for PBXProject "RefactorTodo" */;
			developmentRegion = en;
			hasScannedForEncodings = 0;
			knownRegions = (
				en,
				Base,
			);
			mainGroup = CD4734912D19AE9000292086;
			minimizedProjectReferenceProxies = 1;
			packageReferences = (
				CDC6749D2D1A9CB600F429DA /* XCRemoteSwiftPackageReference "SnapKit" */,
				CDC674A02D1A9CC500F429DA /* XCRemoteSwiftPackageReference "ReactorKit" */,
				CDC674A32D1A9CD600F429DA /* XCRemoteSwiftPackageReference "Kingfisher" */,
				CDC674A62D1A9CE900F429DA /* XCRemoteSwiftPackageReference "Alamofire" */,
				CDC674AE2D1A9EC500F429DA /* XCRemoteSwiftPackageReference "FSCalendar" */,
				CD064B752D1C4A2300254EC7 /* XCRemoteSwiftPackageReference "RxSwift" */,
			);
			preferredProjectObjectVersion = 77;
			productRefGroup = CD47349B2D19AE9000292086 /* Products */;
			projectDirPath = "";
			projectRoot = "";
			targets = (
				CD4734992D19AE9000292086 /* RefactorTodo */,
				CD4734B22D19AE9200292086 /* RefactorTodoTests */,
				CD4734BC2D19AE9200292086 /* RefactorTodoUITests */,
			);
		};
/* End PBXProject section */

/* Begin PBXResourcesBuildPhase section */
		CD4734982D19AE9000292086 /* Resources */ = {
			isa = PBXResourcesBuildPhase;
			buildActionMask = 2147483647;
			files = (
			);
			runOnlyForDeploymentPostprocessing = 0;
		};
		CD4734B12D19AE9200292086 /* Resources */ = {
			isa = PBXResourcesBuildPhase;
			buildActionMask = 2147483647;
			files = (
			);
			runOnlyForDeploymentPostprocessing = 0;
		};
		CD4734BB2D19AE9200292086 /* Resources */ = {
			isa = PBXResourcesBuildPhase;
			buildActionMask = 2147483647;
			files = (
			);
			runOnlyForDeploymentPostprocessing = 0;
		};
/* End PBXResourcesBuildPhase section */

/* Begin PBXSourcesBuildPhase section */
		CD4734962D19AE9000292086 /* Sources */ = {
			isa = PBXSourcesBuildPhase;
			buildActionMask = 2147483647;
			files = (
			);
			runOnlyForDeploymentPostprocessing = 0;
		};
		CD4734AF2D19AE9200292086 /* Sources */ = {
			isa = PBXSourcesBuildPhase;
			buildActionMask = 2147483647;
			files = (
			);
			runOnlyForDeploymentPostprocessing = 0;
		};
		CD4734B92D19AE9200292086 /* Sources */ = {
			isa = PBXSourcesBuildPhase;
			buildActionMask = 2147483647;
			files = (
			);
			runOnlyForDeploymentPostprocessing = 0;
		};
/* End PBXSourcesBuildPhase section */

/* Begin PBXTargetDependency section */
		CD4734B52D19AE9200292086 /* PBXTargetDependency */ = {
			isa = PBXTargetDependency;
			target = CD4734992D19AE9000292086 /* RefactorTodo */;
			targetProxy = CD4734B42D19AE9200292086 /* PBXContainerItemProxy */;
		};
		CD4734BF2D19AE9200292086 /* PBXTargetDependency */ = {
			isa = PBXTargetDependency;
			target = CD4734992D19AE9000292086 /* RefactorTodo */;
			targetProxy = CD4734BE2D19AE9200292086 /* PBXContainerItemProxy */;
		};
/* End PBXTargetDependency section */

/* Begin XCBuildConfiguration section */
		CD4734C72D19AE9200292086 /* Debug */ = {
			isa = XCBuildConfiguration;
			buildSettings = {
				ASSETCATALOG_COMPILER_APPICON_NAME = AppIcon;
				ASSETCATALOG_COMPILER_GLOBAL_ACCENT_COLOR_NAME = AccentColor;
				CODE_SIGN_STYLE = Automatic;
				CURRENT_PROJECT_VERSION = 2;
				DEVELOPMENT_TEAM = N954XS4D2X;
				GENERATE_INFOPLIST_FILE = YES;
				INFOPLIST_FILE = RefactorTodo/Info.plist;
				INFOPLIST_KEY_NSPhotoLibraryUsageDescription = "일기장에 추억을 담기 위해 사진 접근 권한이 필요합니다. 선택한 사진은 오직 다이어리 포스트 작성에만 사용됩니다.";
				INFOPLIST_KEY_UIApplicationSupportsIndirectInputEvents = YES;
				INFOPLIST_KEY_UILaunchStoryboardName = LaunchScreen;
				INFOPLIST_KEY_UISupportedInterfaceOrientations = UIInterfaceOrientationPortrait;
				INFOPLIST_KEY_UISupportedInterfaceOrientations_iPad = "UIInterfaceOrientationLandscapeLeft UIInterfaceOrientationLandscapeRight UIInterfaceOrientationPortrait UIInterfaceOrientationPortraitUpsideDown";
				INFOPLIST_KEY_UIUserInterfaceStyle = Light;
				IPHONEOS_DEPLOYMENT_TARGET = 17.6;
				LD_RUNPATH_SEARCH_PATHS = (
					"$(inherited)",
					"@executable_path/Frameworks",
				);
				MARKETING_VERSION = 1.0;
				PRODUCT_BUNDLE_IDENTIFIER = com.madcow.RefactorTodo;
				PRODUCT_NAME = "$(TARGET_NAME)";
				SUPPORTED_PLATFORMS = "iphoneos iphonesimulator";
				SUPPORTS_MACCATALYST = NO;
				SUPPORTS_MAC_DESIGNED_FOR_IPHONE_IPAD = NO;
				SUPPORTS_XR_DESIGNED_FOR_IPHONE_IPAD = NO;
				SWIFT_EMIT_LOC_STRINGS = YES;
				SWIFT_VERSION = 5.0;
				TARGETED_DEVICE_FAMILY = 1;
			};
			name = Debug;
		};
		CD4734C82D19AE9200292086 /* Release */ = {
			isa = XCBuildConfiguration;
			buildSettings = {
				ASSETCATALOG_COMPILER_APPICON_NAME = AppIcon;
				ASSETCATALOG_COMPILER_GLOBAL_ACCENT_COLOR_NAME = AccentColor;
				CODE_SIGN_STYLE = Automatic;
				CURRENT_PROJECT_VERSION = 2;
				DEVELOPMENT_TEAM = N954XS4D2X;
				GENERATE_INFOPLIST_FILE = YES;
				INFOPLIST_FILE = RefactorTodo/Info.plist;
				INFOPLIST_KEY_NSPhotoLibraryUsageDescription = "일기장에 추억을 담기 위해 사진 접근 권한이 필요합니다. 선택한 사진은 오직 다이어리 포스트 작성에만 사용됩니다.";
				INFOPLIST_KEY_UIApplicationSupportsIndirectInputEvents = YES;
				INFOPLIST_KEY_UILaunchStoryboardName = LaunchScreen;
				INFOPLIST_KEY_UISupportedInterfaceOrientations = UIInterfaceOrientationPortrait;
				INFOPLIST_KEY_UISupportedInterfaceOrientations_iPad = "UIInterfaceOrientationLandscapeLeft UIInterfaceOrientationLandscapeRight UIInterfaceOrientationPortrait UIInterfaceOrientationPortraitUpsideDown";
				INFOPLIST_KEY_UIUserInterfaceStyle = Light;
				IPHONEOS_DEPLOYMENT_TARGET = 17.6;
				LD_RUNPATH_SEARCH_PATHS = (
					"$(inherited)",
					"@executable_path/Frameworks",
				);
				MARKETING_VERSION = 1.0;
				PRODUCT_BUNDLE_IDENTIFIER = com.madcow.RefactorTodo;
				PRODUCT_NAME = "$(TARGET_NAME)";
				SUPPORTED_PLATFORMS = "iphoneos iphonesimulator";
				SUPPORTS_MACCATALYST = NO;
				SUPPORTS_MAC_DESIGNED_FOR_IPHONE_IPAD = NO;
				SUPPORTS_XR_DESIGNED_FOR_IPHONE_IPAD = NO;
				SWIFT_EMIT_LOC_STRINGS = YES;
				SWIFT_VERSION = 5.0;
				TARGETED_DEVICE_FAMILY = 1;
			};
			name = Release;
		};
		CD4734C92D19AE9200292086 /* Debug */ = {
			isa = XCBuildConfiguration;
			buildSettings = {
				ALWAYS_SEARCH_USER_PATHS = NO;
				ASSETCATALOG_COMPILER_GENERATE_SWIFT_ASSET_SYMBOL_EXTENSIONS = YES;
				CLANG_ANALYZER_NONNULL = YES;
				CLANG_ANALYZER_NUMBER_OBJECT_CONVERSION = YES_AGGRESSIVE;
				CLANG_CXX_LANGUAGE_STANDARD = "gnu++20";
				CLANG_ENABLE_MODULES = YES;
				CLANG_ENABLE_OBJC_ARC = YES;
				CLANG_ENABLE_OBJC_WEAK = YES;
				CLANG_WARN_BLOCK_CAPTURE_AUTORELEASING = YES;
				CLANG_WARN_BOOL_CONVERSION = YES;
				CLANG_WARN_COMMA = YES;
				CLANG_WARN_CONSTANT_CONVERSION = YES;
				CLANG_WARN_DEPRECATED_OBJC_IMPLEMENTATIONS = YES;
				CLANG_WARN_DIRECT_OBJC_ISA_USAGE = YES_ERROR;
				CLANG_WARN_DOCUMENTATION_COMMENTS = YES;
				CLANG_WARN_EMPTY_BODY = YES;
				CLANG_WARN_ENUM_CONVERSION = YES;
				CLANG_WARN_INFINITE_RECURSION = YES;
				CLANG_WARN_INT_CONVERSION = YES;
				CLANG_WARN_NON_LITERAL_NULL_CONVERSION = YES;
				CLANG_WARN_OBJC_IMPLICIT_RETAIN_SELF = YES;
				CLANG_WARN_OBJC_LITERAL_CONVERSION = YES;
				CLANG_WARN_OBJC_ROOT_CLASS = YES_ERROR;
				CLANG_WARN_QUOTED_INCLUDE_IN_FRAMEWORK_HEADER = YES;
				CLANG_WARN_RANGE_LOOP_ANALYSIS = YES;
				CLANG_WARN_STRICT_PROTOTYPES = YES;
				CLANG_WARN_SUSPICIOUS_MOVE = YES;
				CLANG_WARN_UNGUARDED_AVAILABILITY = YES_AGGRESSIVE;
				CLANG_WARN_UNREACHABLE_CODE = YES;
				CLANG_WARN__DUPLICATE_METHOD_MATCH = YES;
				COPY_PHASE_STRIP = NO;
				DEBUG_INFORMATION_FORMAT = dwarf;
				ENABLE_STRICT_OBJC_MSGSEND = YES;
				ENABLE_TESTABILITY = YES;
				ENABLE_USER_SCRIPT_SANDBOXING = YES;
				GCC_C_LANGUAGE_STANDARD = gnu17;
				GCC_DYNAMIC_NO_PIC = NO;
				GCC_NO_COMMON_BLOCKS = YES;
				GCC_OPTIMIZATION_LEVEL = 0;
				GCC_PREPROCESSOR_DEFINITIONS = (
					"DEBUG=1",
					"$(inherited)",
				);
				GCC_WARN_64_TO_32_BIT_CONVERSION = YES;
				GCC_WARN_ABOUT_RETURN_TYPE = YES_ERROR;
				GCC_WARN_UNDECLARED_SELECTOR = YES;
				GCC_WARN_UNINITIALIZED_AUTOS = YES_AGGRESSIVE;
				GCC_WARN_UNUSED_FUNCTION = YES;
				GCC_WARN_UNUSED_VARIABLE = YES;
				IPHONEOS_DEPLOYMENT_TARGET = 18.2;
				LOCALIZATION_PREFERS_STRING_CATALOGS = YES;
				MTL_ENABLE_DEBUG_INFO = INCLUDE_SOURCE;
				MTL_FAST_MATH = YES;
				ONLY_ACTIVE_ARCH = YES;
				SDKROOT = iphoneos;
				SWIFT_ACTIVE_COMPILATION_CONDITIONS = "DEBUG $(inherited)";
				SWIFT_OPTIMIZATION_LEVEL = "-Onone";
			};
			name = Debug;
		};
		CD4734CA2D19AE9200292086 /* Release */ = {
			isa = XCBuildConfiguration;
			buildSettings = {
				ALWAYS_SEARCH_USER_PATHS = NO;
				ASSETCATALOG_COMPILER_GENERATE_SWIFT_ASSET_SYMBOL_EXTENSIONS = YES;
				CLANG_ANALYZER_NONNULL = YES;
				CLANG_ANALYZER_NUMBER_OBJECT_CONVERSION = YES_AGGRESSIVE;
				CLANG_CXX_LANGUAGE_STANDARD = "gnu++20";
				CLANG_ENABLE_MODULES = YES;
				CLANG_ENABLE_OBJC_ARC = YES;
				CLANG_ENABLE_OBJC_WEAK = YES;
				CLANG_WARN_BLOCK_CAPTURE_AUTORELEASING = YES;
				CLANG_WARN_BOOL_CONVERSION = YES;
				CLANG_WARN_COMMA = YES;
				CLANG_WARN_CONSTANT_CONVERSION = YES;
				CLANG_WARN_DEPRECATED_OBJC_IMPLEMENTATIONS = YES;
				CLANG_WARN_DIRECT_OBJC_ISA_USAGE = YES_ERROR;
				CLANG_WARN_DOCUMENTATION_COMMENTS = YES;
				CLANG_WARN_EMPTY_BODY = YES;
				CLANG_WARN_ENUM_CONVERSION = YES;
				CLANG_WARN_INFINITE_RECURSION = YES;
				CLANG_WARN_INT_CONVERSION = YES;
				CLANG_WARN_NON_LITERAL_NULL_CONVERSION = YES;
				CLANG_WARN_OBJC_IMPLICIT_RETAIN_SELF = YES;
				CLANG_WARN_OBJC_LITERAL_CONVERSION = YES;
				CLANG_WARN_OBJC_ROOT_CLASS = YES_ERROR;
				CLANG_WARN_QUOTED_INCLUDE_IN_FRAMEWORK_HEADER = YES;
				CLANG_WARN_RANGE_LOOP_ANALYSIS = YES;
				CLANG_WARN_STRICT_PROTOTYPES = YES;
				CLANG_WARN_SUSPICIOUS_MOVE = YES;
				CLANG_WARN_UNGUARDED_AVAILABILITY = YES_AGGRESSIVE;
				CLANG_WARN_UNREACHABLE_CODE = YES;
				CLANG_WARN__DUPLICATE_METHOD_MATCH = YES;
				COPY_PHASE_STRIP = NO;
				DEBUG_INFORMATION_FORMAT = "dwarf-with-dsym";
				ENABLE_NS_ASSERTIONS = NO;
				ENABLE_STRICT_OBJC_MSGSEND = YES;
				ENABLE_USER_SCRIPT_SANDBOXING = YES;
				GCC_C_LANGUAGE_STANDARD = gnu17;
				GCC_NO_COMMON_BLOCKS = YES;
				GCC_WARN_64_TO_32_BIT_CONVERSION = YES;
				GCC_WARN_ABOUT_RETURN_TYPE = YES_ERROR;
				GCC_WARN_UNDECLARED_SELECTOR = YES;
				GCC_WARN_UNINITIALIZED_AUTOS = YES_AGGRESSIVE;
				GCC_WARN_UNUSED_FUNCTION = YES;
				GCC_WARN_UNUSED_VARIABLE = YES;
				IPHONEOS_DEPLOYMENT_TARGET = 18.2;
				LOCALIZATION_PREFERS_STRING_CATALOGS = YES;
				MTL_ENABLE_DEBUG_INFO = NO;
				MTL_FAST_MATH = YES;
				SDKROOT = iphoneos;
				SWIFT_COMPILATION_MODE = wholemodule;
				VALIDATE_PRODUCT = YES;
			};
			name = Release;
		};
		CD4734CC2D19AE9200292086 /* Debug */ = {
			isa = XCBuildConfiguration;
			buildSettings = {
				BUNDLE_LOADER = "$(TEST_HOST)";
				CODE_SIGN_STYLE = Automatic;
				CURRENT_PROJECT_VERSION = 1;
				DEVELOPMENT_TEAM = N954XS4D2X;
				GENERATE_INFOPLIST_FILE = YES;
				IPHONEOS_DEPLOYMENT_TARGET = 18.2;
				MARKETING_VERSION = 1.0;
				PRODUCT_BUNDLE_IDENTIFIER = com.madcow.RefactorTodoTests;
				PRODUCT_NAME = "$(TARGET_NAME)";
				SWIFT_EMIT_LOC_STRINGS = NO;
				SWIFT_VERSION = 5.0;
				TARGETED_DEVICE_FAMILY = "1,2";
				TEST_HOST = "$(BUILT_PRODUCTS_DIR)/RefactorTodo.app/$(BUNDLE_EXECUTABLE_FOLDER_PATH)/RefactorTodo";
			};
			name = Debug;
		};
		CD4734CD2D19AE9200292086 /* Release */ = {
			isa = XCBuildConfiguration;
			buildSettings = {
				BUNDLE_LOADER = "$(TEST_HOST)";
				CODE_SIGN_STYLE = Automatic;
				CURRENT_PROJECT_VERSION = 1;
				DEVELOPMENT_TEAM = N954XS4D2X;
				GENERATE_INFOPLIST_FILE = YES;
				IPHONEOS_DEPLOYMENT_TARGET = 18.2;
				MARKETING_VERSION = 1.0;
				PRODUCT_BUNDLE_IDENTIFIER = com.madcow.RefactorTodoTests;
				PRODUCT_NAME = "$(TARGET_NAME)";
				SWIFT_EMIT_LOC_STRINGS = NO;
				SWIFT_VERSION = 5.0;
				TARGETED_DEVICE_FAMILY = "1,2";
				TEST_HOST = "$(BUILT_PRODUCTS_DIR)/RefactorTodo.app/$(BUNDLE_EXECUTABLE_FOLDER_PATH)/RefactorTodo";
			};
			name = Release;
		};
		CD4734CF2D19AE9200292086 /* Debug */ = {
			isa = XCBuildConfiguration;
			buildSettings = {
				CODE_SIGN_STYLE = Automatic;
				CURRENT_PROJECT_VERSION = 1;
				DEVELOPMENT_TEAM = N954XS4D2X;
				GENERATE_INFOPLIST_FILE = YES;
				MARKETING_VERSION = 1.0;
				PRODUCT_BUNDLE_IDENTIFIER = com.madcow.RefactorTodoUITests;
				PRODUCT_NAME = "$(TARGET_NAME)";
				SWIFT_EMIT_LOC_STRINGS = NO;
				SWIFT_VERSION = 5.0;
				TARGETED_DEVICE_FAMILY = "1,2";
				TEST_TARGET_NAME = RefactorTodo;
			};
			name = Debug;
		};
		CD4734D02D19AE9200292086 /* Release */ = {
			isa = XCBuildConfiguration;
			buildSettings = {
				CODE_SIGN_STYLE = Automatic;
				CURRENT_PROJECT_VERSION = 1;
				DEVELOPMENT_TEAM = N954XS4D2X;
				GENERATE_INFOPLIST_FILE = YES;
				MARKETING_VERSION = 1.0;
				PRODUCT_BUNDLE_IDENTIFIER = com.madcow.RefactorTodoUITests;
				PRODUCT_NAME = "$(TARGET_NAME)";
				SWIFT_EMIT_LOC_STRINGS = NO;
				SWIFT_VERSION = 5.0;
				TARGETED_DEVICE_FAMILY = "1,2";
				TEST_TARGET_NAME = RefactorTodo;
			};
			name = Release;
		};
/* End XCBuildConfiguration section */

/* Begin XCConfigurationList section */
		CD4734952D19AE9000292086 /* Build configuration list for PBXProject "RefactorTodo" */ = {
			isa = XCConfigurationList;
			buildConfigurations = (
				CD4734C92D19AE9200292086 /* Debug */,
				CD4734CA2D19AE9200292086 /* Release */,
			);
			defaultConfigurationIsVisible = 0;
			defaultConfigurationName = Release;
		};
		CD4734C62D19AE9200292086 /* Build configuration list for PBXNativeTarget "RefactorTodo" */ = {
			isa = XCConfigurationList;
			buildConfigurations = (
				CD4734C72D19AE9200292086 /* Debug */,
				CD4734C82D19AE9200292086 /* Release */,
			);
			defaultConfigurationIsVisible = 0;
			defaultConfigurationName = Release;
		};
		CD4734CB2D19AE9200292086 /* Build configuration list for PBXNativeTarget "RefactorTodoTests" */ = {
			isa = XCConfigurationList;
			buildConfigurations = (
				CD4734CC2D19AE9200292086 /* Debug */,
				CD4734CD2D19AE9200292086 /* Release */,
			);
			defaultConfigurationIsVisible = 0;
			defaultConfigurationName = Release;
		};
		CD4734CE2D19AE9200292086 /* Build configuration list for PBXNativeTarget "RefactorTodoUITests" */ = {
			isa = XCConfigurationList;
			buildConfigurations = (
				CD4734CF2D19AE9200292086 /* Debug */,
				CD4734D02D19AE9200292086 /* Release */,
			);
			defaultConfigurationIsVisible = 0;
			defaultConfigurationName = Release;
		};
/* End XCConfigurationList section */

/* Begin XCRemoteSwiftPackageReference section */
		CD064B752D1C4A2300254EC7 /* XCRemoteSwiftPackageReference "RxSwift" */ = {
			isa = XCRemoteSwiftPackageReference;
			repositoryURL = "https://github.com/ReactiveX/RxSwift";
			requirement = {
				kind = upToNextMajorVersion;
				minimumVersion = 6.8.0;
			};
		};
		CDC6749D2D1A9CB600F429DA /* XCRemoteSwiftPackageReference "SnapKit" */ = {
			isa = XCRemoteSwiftPackageReference;
			repositoryURL = "https://github.com/SnapKit/SnapKit.git";
			requirement = {
				kind = upToNextMajorVersion;
				minimumVersion = 5.7.1;
			};
		};
		CDC674A02D1A9CC500F429DA /* XCRemoteSwiftPackageReference "ReactorKit" */ = {
			isa = XCRemoteSwiftPackageReference;
			repositoryURL = "https://github.com/ReactorKit/ReactorKit.git";
			requirement = {
				kind = upToNextMajorVersion;
				minimumVersion = 3.2.0;
			};
		};
		CDC674A32D1A9CD600F429DA /* XCRemoteSwiftPackageReference "Kingfisher" */ = {
			isa = XCRemoteSwiftPackageReference;
			repositoryURL = "https://github.com/onevcat/Kingfisher";
			requirement = {
				kind = upToNextMajorVersion;
				minimumVersion = 8.1.3;
			};
		};
		CDC674A62D1A9CE900F429DA /* XCRemoteSwiftPackageReference "Alamofire" */ = {
			isa = XCRemoteSwiftPackageReference;
			repositoryURL = "https://github.com/Alamofire/Alamofire.git";
			requirement = {
				kind = upToNextMajorVersion;
				minimumVersion = 5.10.2;
			};
		};
		CDC674AE2D1A9EC500F429DA /* XCRemoteSwiftPackageReference "FSCalendar" */ = {
			isa = XCRemoteSwiftPackageReference;
			repositoryURL = "https://github.com/WenchaoD/FSCalendar";
			requirement = {
				kind = upToNextMajorVersion;
				minimumVersion = 2.8.4;
			};
		};
/* End XCRemoteSwiftPackageReference section */

/* Begin XCSwiftPackageProductDependency section */
		CD064B762D1C4A2300254EC7 /* RxCocoa */ = {
			isa = XCSwiftPackageProductDependency;
			package = CD064B752D1C4A2300254EC7 /* XCRemoteSwiftPackageReference "RxSwift" */;
			productName = RxCocoa;
		};
		CDC6749E2D1A9CB600F429DA /* SnapKit */ = {
			isa = XCSwiftPackageProductDependency;
			package = CDC6749D2D1A9CB600F429DA /* XCRemoteSwiftPackageReference "SnapKit" */;
			productName = SnapKit;
		};
		CDC674A12D1A9CC500F429DA /* ReactorKit */ = {
			isa = XCSwiftPackageProductDependency;
			package = CDC674A02D1A9CC500F429DA /* XCRemoteSwiftPackageReference "ReactorKit" */;
			productName = ReactorKit;
		};
		CDC674A42D1A9CD600F429DA /* Kingfisher */ = {
			isa = XCSwiftPackageProductDependency;
			package = CDC674A32D1A9CD600F429DA /* XCRemoteSwiftPackageReference "Kingfisher" */;
			productName = Kingfisher;
		};
		CDC674A72D1A9CE900F429DA /* Alamofire */ = {
			isa = XCSwiftPackageProductDependency;
			package = CDC674A62D1A9CE900F429DA /* XCRemoteSwiftPackageReference "Alamofire" */;
			productName = Alamofire;
		};
		CDC674AF2D1A9EC500F429DA /* FSCalendar */ = {
			isa = XCSwiftPackageProductDependency;
			package = CDC674AE2D1A9EC500F429DA /* XCRemoteSwiftPackageReference "FSCalendar" */;
			productName = FSCalendar;
		};
/* End XCSwiftPackageProductDependency section */
	};
	rootObject = CD4734922D19AE9000292086 /* Project object */;
}
